// !$*UTF8*$!
{
	archiveVersion = 1;
	classes = {
	};
	objectVersion = 50;
	objects = {

/* Begin PBXBuildFile section */
		DE839FFD271C099300F4A5B9 /* AppDelegate.swift in Sources */ = {isa = PBXBuildFile; fileRef = DE839FFC271C099300F4A5B9 /* AppDelegate.swift */; };
		DE839FFF271C099300F4A5B9 /* SceneDelegate.swift in Sources */ = {isa = PBXBuildFile; fileRef = DE839FFE271C099300F4A5B9 /* SceneDelegate.swift */; };
		DE83A001271C099300F4A5B9 /* MainViewController.swift in Sources */ = {isa = PBXBuildFile; fileRef = DE83A000271C099300F4A5B9 /* MainViewController.swift */; };
		DE83A004271C099300F4A5B9 /* Main.storyboard in Resources */ = {isa = PBXBuildFile; fileRef = DE83A002271C099300F4A5B9 /* Main.storyboard */; };
		DE83A006271C09A700F4A5B9 /* Assets.xcassets in Resources */ = {isa = PBXBuildFile; fileRef = DE83A005271C09A700F4A5B9 /* Assets.xcassets */; };
		DE83A009271C09A700F4A5B9 /* LaunchScreen.storyboard in Resources */ = {isa = PBXBuildFile; fileRef = DE83A007271C09A700F4A5B9 /* LaunchScreen.storyboard */; };
		DEC23014271D9A890039AA3E /* ReceivedData.swift in Sources */ = {isa = PBXBuildFile; fileRef = DEC23013271D9A890039AA3E /* ReceivedData.swift */; };
		DEC23017271DA0D70039AA3E /* AnswersTableViewController.swift in Sources */ = {isa = PBXBuildFile; fileRef = DEC23016271DA0D70039AA3E /* AnswersTableViewController.swift */; };
/* End PBXBuildFile section */

/* Begin PBXFileReference section */
		DE839FF9271C099300F4A5B9 /* 8 Ball Magic.app */ = {isa = PBXFileReference; explicitFileType = wrapper.application; includeInIndex = 0; path = "8 Ball Magic.app"; sourceTree = BUILT_PRODUCTS_DIR; };
		DE839FFC271C099300F4A5B9 /* AppDelegate.swift */ = {isa = PBXFileReference; lastKnownFileType = sourcecode.swift; path = AppDelegate.swift; sourceTree = "<group>"; };
		DE839FFE271C099300F4A5B9 /* SceneDelegate.swift */ = {isa = PBXFileReference; lastKnownFileType = sourcecode.swift; path = SceneDelegate.swift; sourceTree = "<group>"; };
		DE83A000271C099300F4A5B9 /* MainViewController.swift */ = {isa = PBXFileReference; lastKnownFileType = sourcecode.swift; path = MainViewController.swift; sourceTree = "<group>"; };
		DE83A003271C099300F4A5B9 /* Base */ = {isa = PBXFileReference; lastKnownFileType = file.storyboard; name = Base; path = Base.lproj/Main.storyboard; sourceTree = "<group>"; };
		DE83A005271C09A700F4A5B9 /* Assets.xcassets */ = {isa = PBXFileReference; lastKnownFileType = folder.assetcatalog; path = Assets.xcassets; sourceTree = "<group>"; };
		DE83A008271C09A700F4A5B9 /* Base */ = {isa = PBXFileReference; lastKnownFileType = file.storyboard; name = Base; path = Base.lproj/LaunchScreen.storyboard; sourceTree = "<group>"; };
		DE83A00A271C09A700F4A5B9 /* Info.plist */ = {isa = PBXFileReference; lastKnownFileType = text.plist.xml; path = Info.plist; sourceTree = "<group>"; };
		DEC23013271D9A890039AA3E /* ReceivedData.swift */ = {isa = PBXFileReference; lastKnownFileType = sourcecode.swift; path = ReceivedData.swift; sourceTree = "<group>"; };
		DEC23016271DA0D70039AA3E /* AnswersTableViewController.swift */ = {isa = PBXFileReference; lastKnownFileType = sourcecode.swift; path = AnswersTableViewController.swift; sourceTree = "<group>"; };
/* End PBXFileReference section */

/* Begin PBXFrameworksBuildPhase section */
		DE839FF6271C099300F4A5B9 /* Frameworks */ = {
			isa = PBXFrameworksBuildPhase;
			buildActionMask = 2147483647;
			files = (
			);
			runOnlyForDeploymentPostprocessing = 0;
		};
/* End PBXFrameworksBuildPhase section */

/* Begin PBXGroup section */
		DE839FF0271C099300F4A5B9 = {
			isa = PBXGroup;
			children = (
				DE839FFB271C099300F4A5B9 /* 8 Ball Magic */,
				DE839FFA271C099300F4A5B9 /* Products */,
			);
			sourceTree = "<group>";
		};
		DE839FFA271C099300F4A5B9 /* Products */ = {
			isa = PBXGroup;
			children = (
				DE839FF9271C099300F4A5B9 /* 8 Ball Magic.app */,
			);
			name = Products;
			sourceTree = "<group>";
		};
		DE839FFB271C099300F4A5B9 /* 8 Ball Magic */ = {
			isa = PBXGroup;
			children = (
				DE83A013271C0ABA00F4A5B9 /* Model */,
				DE83A011271C0A6D00F4A5B9 /* View */,
				DE83A017271C0B5300F4A5B9 /* Controllers */,
				DE83A00A271C09A700F4A5B9 /* Info.plist */,
				DE83A019271C0B8100F4A5B9 /* Supporting files */,
			);
			path = "8 Ball Magic";
			sourceTree = "<group>";
		};
		DE83A011271C0A6D00F4A5B9 /* View */ = {
			isa = PBXGroup;
			children = (
				DE83A002271C099300F4A5B9 /* Main.storyboard */,
			);
			name = View;
			path = "New Group";
			sourceTree = "<group>";
		};
		DE83A013271C0ABA00F4A5B9 /* Model */ = {
			isa = PBXGroup;
			children = (
				DEC23013271D9A890039AA3E /* ReceivedData.swift */,
			);
			path = Model;
			sourceTree = "<group>";
		};
		DE83A017271C0B5300F4A5B9 /* Controllers */ = {
			isa = PBXGroup;
			children = (
				DE83A000271C099300F4A5B9 /* MainViewController.swift */,
				DEC23016271DA0D70039AA3E /* AnswersTableViewController.swift */,
			);
			path = Controllers;
			sourceTree = "<group>";
		};
		DE83A019271C0B8100F4A5B9 /* Supporting files */ = {
			isa = PBXGroup;
			children = (
				DE839FFC271C099300F4A5B9 /* AppDelegate.swift */,
				DE839FFE271C099300F4A5B9 /* SceneDelegate.swift */,
				DE83A005271C09A700F4A5B9 /* Assets.xcassets */,
				DE83A007271C09A700F4A5B9 /* LaunchScreen.storyboard */,
			);
			path = "Supporting files";
			sourceTree = "<group>";
		};
/* End PBXGroup section */

/* Begin PBXNativeTarget section */
		DE839FF8271C099300F4A5B9 /* 8 Ball Magic */ = {
			isa = PBXNativeTarget;
			buildConfigurationList = DE83A00D271C09A700F4A5B9 /* Build configuration list for PBXNativeTarget "8 Ball Magic" */;
			buildPhases = (
				DE839FF5271C099300F4A5B9 /* Sources */,
				DE839FF6271C099300F4A5B9 /* Frameworks */,
				DE839FF7271C099300F4A5B9 /* Resources */,
			);
			buildRules = (
			);
			dependencies = (
			);
			name = "8 Ball Magic";
			productName = "8 Ball Magic";
			productReference = DE839FF9271C099300F4A5B9 /* 8 Ball Magic.app */;
			productType = "com.apple.product-type.application";
		};
/* End PBXNativeTarget section */

/* Begin PBXProject section */
		DE839FF1271C099300F4A5B9 /* Project object */ = {
			isa = PBXProject;
			attributes = {
				LastSwiftUpdateCheck = 1240;
				LastUpgradeCheck = 1240;
				TargetAttributes = {
					DE839FF8271C099300F4A5B9 = {
						CreatedOnToolsVersion = 12.4;
					};
				};
			};
			buildConfigurationList = DE839FF4271C099300F4A5B9 /* Build configuration list for PBXProject "8 Ball Magic" */;
			compatibilityVersion = "Xcode 9.3";
			developmentRegion = en;
			hasScannedForEncodings = 0;
			knownRegions = (
				en,
				Base,
			);
			mainGroup = DE839FF0271C099300F4A5B9;
			productRefGroup = DE839FFA271C099300F4A5B9 /* Products */;
			projectDirPath = "";
			projectRoot = "";
			targets = (
				DE839FF8271C099300F4A5B9 /* 8 Ball Magic */,
			);
		};
/* End PBXProject section */

/* Begin PBXResourcesBuildPhase section */
		DE839FF7271C099300F4A5B9 /* Resources */ = {
			isa = PBXResourcesBuildPhase;
			buildActionMask = 2147483647;
			files = (
				DE83A009271C09A700F4A5B9 /* LaunchScreen.storyboard in Resources */,
				DE83A006271C09A700F4A5B9 /* Assets.xcassets in Resources */,
				DE83A004271C099300F4A5B9 /* Main.storyboard in Resources */,
			);
			runOnlyForDeploymentPostprocessing = 0;
		};
/* End PBXResourcesBuildPhase section */

/* Begin PBXSourcesBuildPhase section */
		DE839FF5271C099300F4A5B9 /* Sources */ = {
			isa = PBXSourcesBuildPhase;
			buildActionMask = 2147483647;
			files = (
				DE83A001271C099300F4A5B9 /* MainViewController.swift in Sources */,
				DE839FFD271C099300F4A5B9 /* AppDelegate.swift in Sources */,
				DEC23014271D9A890039AA3E /* ReceivedData.swift in Sources */,
				DE839FFF271C099300F4A5B9 /* SceneDelegate.swift in Sources */,
				DEC23017271DA0D70039AA3E /* AnswersTableViewController.swift in Sources */,
			);
			runOnlyForDeploymentPostprocessing = 0;
		};
/* End PBXSourcesBuildPhase section */

/* Begin PBXVariantGroup section */
		DE83A002271C099300F4A5B9 /* Main.storyboard */ = {
			isa = PBXVariantGroup;
			children = (
				DE83A003271C099300F4A5B9 /* Base */,
			);
			name = Main.storyboard;
			sourceTree = "<group>";
		};
		DE83A007271C09A700F4A5B9 /* LaunchScreen.storyboard */ = {
			isa = PBXVariantGroup;
			children = (
				DE83A008271C09A700F4A5B9 /* Base */,
			);
			name = LaunchScreen.storyboard;
			sourceTree = "<group>";
		};
/* End PBXVariantGroup section */

/* Begin XCBuildConfiguration section */
		DE83A00B271C09A700F4A5B9 /* Debug */ = {
			isa = XCBuildConfiguration;
			buildSettings = {
				ALWAYS_SEARCH_USER_PATHS = NO;
				CLANG_ANALYZER_NONNULL = YES;
				CLANG_ANALYZER_NUMBER_OBJECT_CONVERSION = YES_AGGRESSIVE;
				CLANG_CXX_LANGUAGE_STANDARD = "gnu++14";
				CLANG_CXX_LIBRARY = "libc++";
				CLANG_ENABLE_MODULES = YES;
				CLANG_ENABLE_OBJC_ARC = YES;
				CLANG_ENABLE_OBJC_WEAK = YES;
				CLANG_WARN_BLOCK_CAPTURE_AUTORELEASING = YES;
				CLANG_WARN_BOOL_CONVERSION = YES;
				CLANG_WARN_COMMA = YES;
				CLANG_WARN_CONSTANT_CONVERSION = YES;
				CLANG_WARN_DEPRECATED_OBJC_IMPLEMENTATIONS = YES;
				CLANG_WARN_DIRECT_OBJC_ISA_USAGE = YES_ERROR;
				CLANG_WARN_DOCUMENTATION_COMMENTS = YES;
				CLANG_WARN_EMPTY_BODY = YES;
				CLANG_WARN_ENUM_CONVERSION = YES;
				CLANG_WARN_INFINITE_RECURSION = YES;
				CLANG_WARN_INT_CONVERSION = YES;
				CLANG_WARN_NON_LITERAL_NULL_CONVERSION = YES;
				CLANG_WARN_OBJC_IMPLICIT_RETAIN_SELF = YES;
				CLANG_WARN_OBJC_LITERAL_CONVERSION = YES;
				CLANG_WARN_OBJC_ROOT_CLASS = YES_ERROR;
				CLANG_WARN_QUOTED_INCLUDE_IN_FRAMEWORK_HEADER = YES;
				CLANG_WARN_RANGE_LOOP_ANALYSIS = YES;
				CLANG_WARN_STRICT_PROTOTYPES = YES;
				CLANG_WARN_SUSPICIOUS_MOVE = YES;
				CLANG_WARN_UNGUARDED_AVAILABILITY = YES_AGGRESSIVE;
				CLANG_WARN_UNREACHABLE_CODE = YES;
				CLANG_WARN__DUPLICATE_METHOD_MATCH = YES;
				COPY_PHASE_STRIP = NO;
				DEBUG_INFORMATION_FORMAT = dwarf;
				ENABLE_STRICT_OBJC_MSGSEND = YES;
				ENABLE_TESTABILITY = YES;
				GCC_C_LANGUAGE_STANDARD = gnu11;
				GCC_DYNAMIC_NO_PIC = NO;
				GCC_NO_COMMON_BLOCKS = YES;
				GCC_OPTIMIZATION_LEVEL = 0;
				GCC_PREPROCESSOR_DEFINITIONS = (
					"DEBUG=1",
					"$(inherited)",
				);
				GCC_WARN_64_TO_32_BIT_CONVERSION = YES;
				GCC_WARN_ABOUT_RETURN_TYPE = YES_ERROR;
				GCC_WARN_UNDECLARED_SELECTOR = YES;
				GCC_WARN_UNINITIALIZED_AUTOS = YES_AGGRESSIVE;
				GCC_WARN_UNUSED_FUNCTION = YES;
				GCC_WARN_UNUSED_VARIABLE = YES;
				IPHONEOS_DEPLOYMENT_TARGET = 14.4;
				MTL_ENABLE_DEBUG_INFO = INCLUDE_SOURCE;
				MTL_FAST_MATH = YES;
				ONLY_ACTIVE_ARCH = YES;
				SDKROOT = iphoneos;
				SWIFT_ACTIVE_COMPILATION_CONDITIONS = DEBUG;
				SWIFT_OPTIMIZATION_LEVEL = "-Onone";
			};
			name = Debug;
		};
		DE83A00C271C09A700F4A5B9 /* Release */ = {
			isa = XCBuildConfiguration;
			buildSettings = {
				ALWAYS_SEARCH_USER_PATHS = NO;
				CLANG_ANALYZER_NONNULL = YES;
				CLANG_ANALYZER_NUMBER_OBJECT_CONVERSION = YES_AGGRESSIVE;
				CLANG_CXX_LANGUAGE_STANDARD = "gnu++14";
				CLANG_CXX_LIBRARY = "libc++";
				CLANG_ENABLE_MODULES = YES;
				CLANG_ENABLE_OBJC_ARC = YES;
				CLANG_ENABLE_OBJC_WEAK = YES;
				CLANG_WARN_BLOCK_CAPTURE_AUTORELEASING = YES;
				CLANG_WARN_BOOL_CONVERSION = YES;
				CLANG_WARN_COMMA = YES;
				CLANG_WARN_CONSTANT_CONVERSION = YES;
				CLANG_WARN_DEPRECATED_OBJC_IMPLEMENTATIONS = YES;
				CLANG_WARN_DIRECT_OBJC_ISA_USAGE = YES_ERROR;
				CLANG_WARN_DOCUMENTATION_COMMENTS = YES;
				CLANG_WARN_EMPTY_BODY = YES;
				CLANG_WARN_ENUM_CONVERSION = YES;
				CLANG_WARN_INFINITE_RECURSION = YES;
				CLANG_WARN_INT_CONVERSION = YES;
				CLANG_WARN_NON_LITERAL_NULL_CONVERSION = YES;
				CLANG_WARN_OBJC_IMPLICIT_RETAIN_SELF = YES;
				CLANG_WARN_OBJC_LITERAL_CONVERSION = YES;
				CLANG_WARN_OBJC_ROOT_CLASS = YES_ERROR;
				CLANG_WARN_QUOTED_INCLUDE_IN_FRAMEWORK_HEADER = YES;
				CLANG_WARN_RANGE_LOOP_ANALYSIS = YES;
				CLANG_WARN_STRICT_PROTOTYPES = YES;
				CLANG_WARN_SUSPICIOUS_MOVE = YES;
				CLANG_WARN_UNGUARDED_AVAILABILITY = YES_AGGRESSIVE;
				CLANG_WARN_UNREACHABLE_CODE = YES;
				CLANG_WARN__DUPLICATE_METHOD_MATCH = YES;
				COPY_PHASE_STRIP = NO;
				DEBUG_INFORMATION_FORMAT = "dwarf-with-dsym";
				ENABLE_NS_ASSERTIONS = NO;
				ENABLE_STRICT_OBJC_MSGSEND = YES;
				GCC_C_LANGUAGE_STANDARD = gnu11;
				GCC_NO_COMMON_BLOCKS = YES;
				GCC_WARN_64_TO_32_BIT_CONVERSION = YES;
				GCC_WARN_ABOUT_RETURN_TYPE = YES_ERROR;
				GCC_WARN_UNDECLARED_SELECTOR = YES;
				GCC_WARN_UNINITIALIZED_AUTOS = YES_AGGRESSIVE;
				GCC_WARN_UNUSED_FUNCTION = YES;
				GCC_WARN_UNUSED_VARIABLE = YES;
				IPHONEOS_DEPLOYMENT_TARGET = 14.4;
				MTL_ENABLE_DEBUG_INFO = NO;
				MTL_FAST_MATH = YES;
				SDKROOT = iphoneos;
				SWIFT_COMPILATION_MODE = wholemodule;
				SWIFT_OPTIMIZATION_LEVEL = "-O";
				VALIDATE_PRODUCT = YES;
			};
			name = Release;
		};
		DE83A00E271C09A700F4A5B9 /* Debug */ = {
			isa = XCBuildConfiguration;
			buildSettings = {
				ASSETCATALOG_COMPILER_APPICON_NAME = AppIcon;
				ASSETCATALOG_COMPILER_GLOBAL_ACCENT_COLOR_NAME = AccentColor;
				CODE_SIGN_STYLE = Automatic;
				DEVELOPMENT_TEAM = 7B59Q46R46;
				INFOPLIST_FILE = "8 Ball Magic/Info.plist";
				IPHONEOS_DEPLOYMENT_TARGET = 14.4;
				LD_RUNPATH_SEARCH_PATHS = (
					"$(inherited)",
					"@executable_path/Frameworks",
				);
				PRODUCT_BUNDLE_IDENTIFIER = "com.IgorAntonchenko.--Ball-Magic";
				PRODUCT_NAME = "$(TARGET_NAME)";
				SWIFT_VERSION = 5.0;
				TARGETED_DEVICE_FAMILY = "1,2";
			};
			name = Debug;
		};
		DE83A00F271C09A700F4A5B9 /* Release */ = {
			isa = XCBuildConfiguration;
			buildSettings = {
				ASSETCATALOG_COMPILER_APPICON_NAME = AppIcon;
				ASSETCATALOG_COMPILER_GLOBAL_ACCENT_COLOR_NAME = AccentColor;
				CODE_SIGN_STYLE = Automatic;
				DEVELOPMENT_TEAM = 7B59Q46R46;
				INFOPLIST_FILE = "8 Ball Magic/Info.plist";
				IPHONEOS_DEPLOYMENT_TARGET = 14.4;
				LD_RUNPATH_SEARCH_PATHS = (
					"$(inherited)",
					"@executable_path/Frameworks",
				);
				PRODUCT_BUNDLE_IDENTIFIER = "com.IgorAntonchenko.--Ball-Magic";
				PRODUCT_NAME = "$(TARGET_NAME)";
				SWIFT_VERSION = 5.0;
				TARGETED_DEVICE_FAMILY = "1,2";
			};
			name = Release;
		};
/* End XCBuildConfiguration section */

/* Begin XCConfigurationList section */
		DE839FF4271C099300F4A5B9 /* Build configuration list for PBXProject "8 Ball Magic" */ = {
			isa = XCConfigurationList;
			buildConfigurations = (
				DE83A00B271C09A700F4A5B9 /* Debug */,
				DE83A00C271C09A700F4A5B9 /* Release */,
			);
			defaultConfigurationIsVisible = 0;
			defaultConfigurationName = Release;
		};
		DE83A00D271C09A700F4A5B9 /* Build configuration list for PBXNativeTarget "8 Ball Magic" */ = {
			isa = XCConfigurationList;
			buildConfigurations = (
				DE83A00E271C09A700F4A5B9 /* Debug */,
				DE83A00F271C09A700F4A5B9 /* Release */,
			);
			defaultConfigurationIsVisible = 0;
			defaultConfigurationName = Release;
		};
/* End XCConfigurationList section */
	};
	rootObject = DE839FF1271C099300F4A5B9 /* Project object */;
}
